
Microsoft Visual Studio Solution File, Format Version 12.00
# Visual Studio Version 17
VisualStudioVersion = 17.11.35327.3
MinimumVisualStudioVersion = 10.0.40219.1
Project("{FAE04EC0-301F-11D3-BF4B-00C04F79EFBC}") = "Voenkomat2", "Voenkomat2\Voenkomat2.csproj", "{4ED589AC-C8C1-46D4-AC9A-6963EED68566}"
EndProject
Global
	GlobalSection(SolutionConfigurationPlatforms) = preSolution
		Debug|Any CPU = Debug|Any CPU
		Release|Any CPU = Release|Any CPU
	EndGlobalSection
	GlobalSection(ProjectConfigurationPlatforms) = postSolution
		{4ED589AC-C8C1-46D4-AC9A-6963EED68566}.Debug|Any CPU.ActiveCfg = Debug|Any CPU
		{4ED589AC-C8C1-46D4-AC9A-6963EED68566}.Debug|Any CPU.Build.0 = Debug|Any CPU
		{4ED589AC-C8C1-46D4-AC9A-6963EED68566}.Release|Any CPU.ActiveCfg = Release|Any CPU
		{4ED589AC-C8C1-46D4-AC9A-6963EED68566}.Release|Any CPU.Build.0 = Release|Any CPU
	EndGlobalSection
	GlobalSection(SolutionProperties) = preSolution
		HideSolutionNode = FALSE
	EndGlobalSection
	GlobalSection(ExtensibilityGlobals) = postSolution
		SolutionGuid = {14BE773F-C10C-4BD9-B3BA-10FA2A7E64CB}
	EndGlobalSection
EndGlobal
